
Microsoft Visual Studio Solution File, Format Version 12.00
# Visual Studio Version 17
VisualStudioVersion = 17.0.32014.148
MinimumVisualStudioVersion = 10.0.40219.1
Project("{FAE04EC0-301F-11D3-BF4B-00C04F79EFBC}") = "BookChooser", "BookChooser\BookChooser.csproj", "{32DB6126-25F9-435F-9613-F09748DA4FDB}"
EndProject
Global
	GlobalSection(SolutionConfigurationPlatforms) = preSolution
		Debug|Any CPU = Debug|Any CPU
		Release|Any CPU = Release|Any CPU
	EndGlobalSection
	GlobalSection(ProjectConfigurationPlatforms) = postSolution
		{32DB6126-25F9-435F-9613-F09748DA4FDB}.Debug|Any CPU.ActiveCfg = Debug|Any CPU
		{32DB6126-25F9-435F-9613-F09748DA4FDB}.Debug|Any CPU.Build.0 = Debug|Any CPU
		{32DB6126-25F9-435F-9613-F09748DA4FDB}.Release|Any CPU.ActiveCfg = Release|Any CPU
		{32DB6126-25F9-435F-9613-F09748DA4FDB}.Release|Any CPU.Build.0 = Release|Any CPU
	EndGlobalSection
	GlobalSection(SolutionProperties) = preSolution
		HideSolutionNode = FALSE
	EndGlobalSection
	GlobalSection(ExtensibilityGlobals) = postSolution
		SolutionGuid = {B0BBFA6E-30A8-480A-8F25-37D9BFEB3706}
	EndGlobalSection
EndGlobal
